
Microsoft Visual Studio Solution File, Format Version 12.00
# Visual Studio Version 17
VisualStudioVersion = 17.2.32526.322
MinimumVisualStudioVersion = 10.0.40219.1
Project("{FAE04EC0-301F-11D3-BF4B-00C04F79EFBC}") = "WpfApp3", "WpfApp3\WpfApp3.csproj", "{8630186D-9B5E-437E-88E9-D3ED150C6AEB}"
EndProject
Global
	GlobalSection(SolutionConfigurationPlatforms) = preSolution
		Debug|Any CPU = Debug|Any CPU
		Release|Any CPU = Release|Any CPU
	EndGlobalSection
	GlobalSection(ProjectConfigurationPlatforms) = postSolution
		{8630186D-9B5E-437E-88E9-D3ED150C6AEB}.Debug|Any CPU.ActiveCfg = Debug|Any CPU
		{8630186D-9B5E-437E-88E9-D3ED150C6AEB}.Debug|Any CPU.Build.0 = Debug|Any CPU
		{8630186D-9B5E-437E-88E9-D3ED150C6AEB}.Release|Any CPU.ActiveCfg = Release|Any CPU
		{8630186D-9B5E-437E-88E9-D3ED150C6AEB}.Release|Any CPU.Build.0 = Release|Any CPU
	EndGlobalSection
	GlobalSection(SolutionProperties) = preSolution
		HideSolutionNode = FALSE
	EndGlobalSection
	GlobalSection(ExtensibilityGlobals) = postSolution
		SolutionGuid = {A169EA19-3870-4527-809F-45BAEBA93CED}
	EndGlobalSection
EndGlobal
